// !$*UTF8*$!
{
	archiveVersion = 1;
	classes = {
	};
	objectVersion = 56;
	objects = {

/* Begin PBXBuildFile section */
		1F6A304733FA373736F66D82 /* Pods_cometext.framework in Frameworks */ = {isa = PBXBuildFile; fileRef = 1EEF7A508E4E118255137072 /* Pods_cometext.framework */; };
		4A5DCC4E2AB4D80300B00D2B /* FilterModalVC.swift in Sources */ = {isa = PBXBuildFile; fileRef = 4A5DCC4D2AB4D80300B00D2B /* FilterModalVC.swift */; };
		4A5DCC522AB4DF1600B00D2B /* TopicFilter.swift in Sources */ = {isa = PBXBuildFile; fileRef = 4A5DCC512AB4DF1600B00D2B /* TopicFilter.swift */; };
		4A5DCC542AB60D4000B00D2B /* CustomCollectionViewCell.swift in Sources */ = {isa = PBXBuildFile; fileRef = 4A5DCC532AB60D4000B00D2B /* CustomCollectionViewCell.swift */; };
		4A5DCC562AB6359F00B00D2B /* HistoryVC.swift in Sources */ = {isa = PBXBuildFile; fileRef = 4A5DCC552AB6359F00B00D2B /* HistoryVC.swift */; };
		4A5DCC582AB637D900B00D2B /* ChatData.swift in Sources */ = {isa = PBXBuildFile; fileRef = 4A5DCC572AB637D900B00D2B /* ChatData.swift */; };
		4A5DCC7C2AB7786100B00D2B /* ChatDataTableViewCell.swift in Sources */ = {isa = PBXBuildFile; fileRef = 4A5DCC7B2AB7786100B00D2B /* ChatDataTableViewCell.swift */; };
		4A8AE7AE2AB83D600059443A /* ProgressBarView.swift in Sources */ = {isa = PBXBuildFile; fileRef = 4A8AE7AD2AB83D600059443A /* ProgressBarView.swift */; };
		4A8AE7B02AB8B4730059443A /* ReceiveData.swift in Sources */ = {isa = PBXBuildFile; fileRef = 4A8AE7AF2AB8B4730059443A /* ReceiveData.swift */; };
		4A8AE7B22AB9FAA40059443A /* SentenceModalVC.swift in Sources */ = {isa = PBXBuildFile; fileRef = 4A8AE7B12AB9FAA40059443A /* SentenceModalVC.swift */; };
		4A8AE7B42ABB67E60059443A /* MyPageVC.swift in Sources */ = {isa = PBXBuildFile; fileRef = 4A8AE7B32ABB67E60059443A /* MyPageVC.swift */; };
		4A8AE7B62ABB69090059443A /* MyInfoTableViewCell.swift in Sources */ = {isa = PBXBuildFile; fileRef = 4A8AE7B52ABB69090059443A /* MyInfoTableViewCell.swift */; };
		4A9088722ABC792C000C7878 /* NewBookInfoCollectionViewCell.swift in Sources */ = {isa = PBXBuildFile; fileRef = 4A9088712ABC792C000C7878 /* NewBookInfoCollectionViewCell.swift */; };
		4AC931C52AB308E300AD8929 /* AppDelegate.swift in Sources */ = {isa = PBXBuildFile; fileRef = 4AC931C42AB308E300AD8929 /* AppDelegate.swift */; };
		4AC931C72AB308E300AD8929 /* SceneDelegate.swift in Sources */ = {isa = PBXBuildFile; fileRef = 4AC931C62AB308E300AD8929 /* SceneDelegate.swift */; };
		4AC931C92AB308E300AD8929 /* ViewController.swift in Sources */ = {isa = PBXBuildFile; fileRef = 4AC931C82AB308E300AD8929 /* ViewController.swift */; };
		4AC931CC2AB308E300AD8929 /* Main.storyboard in Resources */ = {isa = PBXBuildFile; fileRef = 4AC931CA2AB308E300AD8929 /* Main.storyboard */; };
		4AC931CE2AB308E400AD8929 /* Assets.xcassets in Resources */ = {isa = PBXBuildFile; fileRef = 4AC931CD2AB308E400AD8929 /* Assets.xcassets */; };
		4AC931D12AB308E400AD8929 /* LaunchScreen.storyboard in Resources */ = {isa = PBXBuildFile; fileRef = 4AC931CF2AB308E400AD8929 /* LaunchScreen.storyboard */; };
		4AC931DB2AB3FF3300AD8929 /* MainVC.swift in Sources */ = {isa = PBXBuildFile; fileRef = 4AC931DA2AB3FF3300AD8929 /* MainVC.swift */; };
		4AC931DD2AB3FF7500AD8929 /* BookStoreModel.swift in Sources */ = {isa = PBXBuildFile; fileRef = 4AC931DC2AB3FF7500AD8929 /* BookStoreModel.swift */; };
		4AC931E42AB4785F00AD8929 /* BookStoreCollectionViewCell.swift in Sources */ = {isa = PBXBuildFile; fileRef = 4AC931E22AB4785F00AD8929 /* BookStoreCollectionViewCell.swift */; };
		4AC931E72AB4BFFC00AD8929 /* ChatVC.swift in Sources */ = {isa = PBXBuildFile; fileRef = 4AC931E62AB4BFFC00AD8929 /* ChatVC.swift */; };
/* End PBXBuildFile section */

/* Begin PBXFileReference section */
		1D29C3729C3BCD29C37A1E7A /* Pods-cometext.release.xcconfig */ = {isa = PBXFileReference; includeInIndex = 1; lastKnownFileType = text.xcconfig; name = "Pods-cometext.release.xcconfig"; path = "Target Support Files/Pods-cometext/Pods-cometext.release.xcconfig"; sourceTree = "<group>"; };
		1EEF7A508E4E118255137072 /* Pods_cometext.framework */ = {isa = PBXFileReference; explicitFileType = wrapper.framework; includeInIndex = 0; path = Pods_cometext.framework; sourceTree = BUILT_PRODUCTS_DIR; };
		4A5DCC4D2AB4D80300B00D2B /* FilterModalVC.swift */ = {isa = PBXFileReference; lastKnownFileType = sourcecode.swift; path = FilterModalVC.swift; sourceTree = "<group>"; };
		4A5DCC512AB4DF1600B00D2B /* TopicFilter.swift */ = {isa = PBXFileReference; lastKnownFileType = sourcecode.swift; path = TopicFilter.swift; sourceTree = "<group>"; };
		4A5DCC532AB60D4000B00D2B /* CustomCollectionViewCell.swift */ = {isa = PBXFileReference; lastKnownFileType = sourcecode.swift; path = CustomCollectionViewCell.swift; sourceTree = "<group>"; };
		4A5DCC552AB6359F00B00D2B /* HistoryVC.swift */ = {isa = PBXFileReference; lastKnownFileType = sourcecode.swift; path = HistoryVC.swift; sourceTree = "<group>"; };
		4A5DCC572AB637D900B00D2B /* ChatData.swift */ = {isa = PBXFileReference; lastKnownFileType = sourcecode.swift; path = ChatData.swift; sourceTree = "<group>"; };
		4A5DCC7B2AB7786100B00D2B /* ChatDataTableViewCell.swift */ = {isa = PBXFileReference; lastKnownFileType = sourcecode.swift; path = ChatDataTableViewCell.swift; sourceTree = "<group>"; };
		4A8AE7AD2AB83D600059443A /* ProgressBarView.swift */ = {isa = PBXFileReference; lastKnownFileType = sourcecode.swift; path = ProgressBarView.swift; sourceTree = "<group>"; };
		4A8AE7AF2AB8B4730059443A /* ReceiveData.swift */ = {isa = PBXFileReference; lastKnownFileType = sourcecode.swift; path = ReceiveData.swift; sourceTree = "<group>"; };
		4A8AE7B12AB9FAA40059443A /* SentenceModalVC.swift */ = {isa = PBXFileReference; lastKnownFileType = sourcecode.swift; path = SentenceModalVC.swift; sourceTree = "<group>"; };
		4A8AE7B32ABB67E60059443A /* MyPageVC.swift */ = {isa = PBXFileReference; lastKnownFileType = sourcecode.swift; path = MyPageVC.swift; sourceTree = "<group>"; };
		4A8AE7B52ABB69090059443A /* MyInfoTableViewCell.swift */ = {isa = PBXFileReference; lastKnownFileType = sourcecode.swift; path = MyInfoTableViewCell.swift; sourceTree = "<group>"; };
		4A9088712ABC792C000C7878 /* NewBookInfoCollectionViewCell.swift */ = {isa = PBXFileReference; lastKnownFileType = sourcecode.swift; path = NewBookInfoCollectionViewCell.swift; sourceTree = "<group>"; };
		4AC931C12AB308E300AD8929 /* cometext.app */ = {isa = PBXFileReference; explicitFileType = wrapper.application; includeInIndex = 0; path = cometext.app; sourceTree = BUILT_PRODUCTS_DIR; };
		4AC931C42AB308E300AD8929 /* AppDelegate.swift */ = {isa = PBXFileReference; lastKnownFileType = sourcecode.swift; path = AppDelegate.swift; sourceTree = "<group>"; };
		4AC931C62AB308E300AD8929 /* SceneDelegate.swift */ = {isa = PBXFileReference; lastKnownFileType = sourcecode.swift; path = SceneDelegate.swift; sourceTree = "<group>"; };
		4AC931C82AB308E300AD8929 /* ViewController.swift */ = {isa = PBXFileReference; lastKnownFileType = sourcecode.swift; path = ViewController.swift; sourceTree = "<group>"; };
		4AC931CB2AB308E300AD8929 /* Base */ = {isa = PBXFileReference; lastKnownFileType = file.storyboard; name = Base; path = Base.lproj/Main.storyboard; sourceTree = "<group>"; };
		4AC931CD2AB308E400AD8929 /* Assets.xcassets */ = {isa = PBXFileReference; lastKnownFileType = folder.assetcatalog; path = Assets.xcassets; sourceTree = "<group>"; };
		4AC931D02AB308E400AD8929 /* Base */ = {isa = PBXFileReference; lastKnownFileType = file.storyboard; name = Base; path = Base.lproj/LaunchScreen.storyboard; sourceTree = "<group>"; };
		4AC931D22AB308E400AD8929 /* Info.plist */ = {isa = PBXFileReference; lastKnownFileType = text.plist.xml; path = Info.plist; sourceTree = "<group>"; };
		4AC931DA2AB3FF3300AD8929 /* MainVC.swift */ = {isa = PBXFileReference; lastKnownFileType = sourcecode.swift; path = MainVC.swift; sourceTree = "<group>"; };
		4AC931DC2AB3FF7500AD8929 /* BookStoreModel.swift */ = {isa = PBXFileReference; lastKnownFileType = sourcecode.swift; path = BookStoreModel.swift; sourceTree = "<group>"; };
		4AC931E22AB4785F00AD8929 /* BookStoreCollectionViewCell.swift */ = {isa = PBXFileReference; lastKnownFileType = sourcecode.swift; path = BookStoreCollectionViewCell.swift; sourceTree = "<group>"; };
		4AC931E62AB4BFFC00AD8929 /* ChatVC.swift */ = {isa = PBXFileReference; lastKnownFileType = sourcecode.swift; path = ChatVC.swift; sourceTree = "<group>"; };
		978294E265E74193534C7065 /* Pods-cometext.debug.xcconfig */ = {isa = PBXFileReference; includeInIndex = 1; lastKnownFileType = text.xcconfig; name = "Pods-cometext.debug.xcconfig"; path = "Target Support Files/Pods-cometext/Pods-cometext.debug.xcconfig"; sourceTree = "<group>"; };
/* End PBXFileReference section */

/* Begin PBXFrameworksBuildPhase section */
		4AC931BE2AB308E300AD8929 /* Frameworks */ = {
			isa = PBXFrameworksBuildPhase;
			buildActionMask = 2147483647;
			files = (
				1F6A304733FA373736F66D82 /* Pods_cometext.framework in Frameworks */,
			);
			runOnlyForDeploymentPostprocessing = 0;
		};
/* End PBXFrameworksBuildPhase section */

/* Begin PBXGroup section */
		20A351A7C442BAF098C9E0A7 /* Frameworks */ = {
			isa = PBXGroup;
			children = (
				1EEF7A508E4E118255137072 /* Pods_cometext.framework */,
			);
			name = Frameworks;
			sourceTree = "<group>";
		};
		4A5DCC4F2AB4D86400B00D2B /* ViewControllers */ = {
			isa = PBXGroup;
			children = (
				4AC931DA2AB3FF3300AD8929 /* MainVC.swift */,
				4AC931E62AB4BFFC00AD8929 /* ChatVC.swift */,
				4A8AE7B12AB9FAA40059443A /* SentenceModalVC.swift */,
				4A5DCC4D2AB4D80300B00D2B /* FilterModalVC.swift */,
				4A5DCC552AB6359F00B00D2B /* HistoryVC.swift */,
				4A8AE7B32ABB67E60059443A /* MyPageVC.swift */,
			);
			path = ViewControllers;
			sourceTree = "<group>";
		};
		4A5DCC502AB4D87D00B00D2B /* Model */ = {
			isa = PBXGroup;
			children = (
				4AC931DC2AB3FF7500AD8929 /* BookStoreModel.swift */,
				4A5DCC512AB4DF1600B00D2B /* TopicFilter.swift */,
				4A5DCC572AB637D900B00D2B /* ChatData.swift */,
				4A8AE7AF2AB8B4730059443A /* ReceiveData.swift */,
			);
			path = Model;
			sourceTree = "<group>";
		};
		4AC931B82AB308E300AD8929 = {
			isa = PBXGroup;
			children = (
				4AC931C32AB308E300AD8929 /* cometext */,
				4AC931C22AB308E300AD8929 /* Products */,
				7C26DD0544070E32322FA2D5 /* Pods */,
				20A351A7C442BAF098C9E0A7 /* Frameworks */,
			);
			sourceTree = "<group>";
		};
		4AC931C22AB308E300AD8929 /* Products */ = {
			isa = PBXGroup;
			children = (
				4AC931C12AB308E300AD8929 /* cometext.app */,
			);
			name = Products;
			sourceTree = "<group>";
		};
		4AC931C32AB308E300AD8929 /* cometext */ = {
			isa = PBXGroup;
			children = (
				4A5DCC502AB4D87D00B00D2B /* Model */,
				4A5DCC4F2AB4D86400B00D2B /* ViewControllers */,
				4AC931C42AB308E300AD8929 /* AppDelegate.swift */,
				4AC931C62AB308E300AD8929 /* SceneDelegate.swift */,
				4AC931C82AB308E300AD8929 /* ViewController.swift */,
				4AC931CA2AB308E300AD8929 /* Main.storyboard */,
				4AC931CD2AB308E400AD8929 /* Assets.xcassets */,
				4AC931CF2AB308E400AD8929 /* LaunchScreen.storyboard */,
				4AC931D22AB308E400AD8929 /* Info.plist */,
				4AC931E22AB4785F00AD8929 /* BookStoreCollectionViewCell.swift */,
				4A9088712ABC792C000C7878 /* NewBookInfoCollectionViewCell.swift */,
				4A5DCC532AB60D4000B00D2B /* CustomCollectionViewCell.swift */,
				4A5DCC7B2AB7786100B00D2B /* ChatDataTableViewCell.swift */,
				4A8AE7B52ABB69090059443A /* MyInfoTableViewCell.swift */,
				4A8AE7AD2AB83D600059443A /* ProgressBarView.swift */,
			);
			path = cometext;
			sourceTree = "<group>";
		};
		7C26DD0544070E32322FA2D5 /* Pods */ = {
			isa = PBXGroup;
			children = (
				978294E265E74193534C7065 /* Pods-cometext.debug.xcconfig */,
				1D29C3729C3BCD29C37A1E7A /* Pods-cometext.release.xcconfig */,
			);
			path = Pods;
			sourceTree = "<group>";
		};
/* End PBXGroup section */

/* Begin PBXNativeTarget section */
		4AC931C02AB308E300AD8929 /* cometext */ = {
			isa = PBXNativeTarget;
			buildConfigurationList = 4AC931D52AB308E400AD8929 /* Build configuration list for PBXNativeTarget "cometext" */;
			buildPhases = (
				B7AE5D78F01E4AFC6E6C3311 /* [CP] Check Pods Manifest.lock */,
				4AC931BD2AB308E300AD8929 /* Sources */,
				4AC931BE2AB308E300AD8929 /* Frameworks */,
				4AC931BF2AB308E300AD8929 /* Resources */,
				B035B24B7A6BDB39A2A52A84 /* [CP] Embed Pods Frameworks */,
			);
			buildRules = (
			);
			dependencies = (
			);
			name = cometext;
			productName = cometext;
			productReference = 4AC931C12AB308E300AD8929 /* cometext.app */;
			productType = "com.apple.product-type.application";
		};
/* End PBXNativeTarget section */

/* Begin PBXProject section */
		4AC931B92AB308E300AD8929 /* Project object */ = {
			isa = PBXProject;
			attributes = {
				BuildIndependentTargetsInParallel = 1;
				LastSwiftUpdateCheck = 1420;
				LastUpgradeCheck = 1420;
				TargetAttributes = {
					4AC931C02AB308E300AD8929 = {
						CreatedOnToolsVersion = 14.2;
					};
				};
			};
			buildConfigurationList = 4AC931BC2AB308E300AD8929 /* Build configuration list for PBXProject "cometext" */;
			compatibilityVersion = "Xcode 14.0";
			developmentRegion = en;
			hasScannedForEncodings = 0;
			knownRegions = (
				en,
				Base,
			);
			mainGroup = 4AC931B82AB308E300AD8929;
			productRefGroup = 4AC931C22AB308E300AD8929 /* Products */;
			projectDirPath = "";
			projectRoot = "";
			targets = (
				4AC931C02AB308E300AD8929 /* cometext */,
			);
		};
/* End PBXProject section */

/* Begin PBXResourcesBuildPhase section */
		4AC931BF2AB308E300AD8929 /* Resources */ = {
			isa = PBXResourcesBuildPhase;
			buildActionMask = 2147483647;
			files = (
				4AC931D12AB308E400AD8929 /* LaunchScreen.storyboard in Resources */,
				4AC931CE2AB308E400AD8929 /* Assets.xcassets in Resources */,
				4AC931CC2AB308E300AD8929 /* Main.storyboard in Resources */,
			);
			runOnlyForDeploymentPostprocessing = 0;
		};
/* End PBXResourcesBuildPhase section */

/* Begin PBXShellScriptBuildPhase section */
		B035B24B7A6BDB39A2A52A84 /* [CP] Embed Pods Frameworks */ = {
			isa = PBXShellScriptBuildPhase;
			buildActionMask = 2147483647;
			files = (
			);
			inputFileListPaths = (
				"${PODS_ROOT}/Target Support Files/Pods-cometext/Pods-cometext-frameworks-${CONFIGURATION}-input-files.xcfilelist",
			);
			name = "[CP] Embed Pods Frameworks";
			outputFileListPaths = (
				"${PODS_ROOT}/Target Support Files/Pods-cometext/Pods-cometext-frameworks-${CONFIGURATION}-output-files.xcfilelist",
			);
			runOnlyForDeploymentPostprocessing = 0;
			shellPath = /bin/sh;
			shellScript = "\"${PODS_ROOT}/Target Support Files/Pods-cometext/Pods-cometext-frameworks.sh\"\n";
			showEnvVarsInLog = 0;
		};
		B7AE5D78F01E4AFC6E6C3311 /* [CP] Check Pods Manifest.lock */ = {
			isa = PBXShellScriptBuildPhase;
			buildActionMask = 2147483647;
			files = (
			);
			inputFileListPaths = (
			);
			inputPaths = (
				"${PODS_PODFILE_DIR_PATH}/Podfile.lock",
				"${PODS_ROOT}/Manifest.lock",
			);
			name = "[CP] Check Pods Manifest.lock";
			outputFileListPaths = (
			);
			outputPaths = (
				"$(DERIVED_FILE_DIR)/Pods-cometext-checkManifestLockResult.txt",
			);
			runOnlyForDeploymentPostprocessing = 0;
			shellPath = /bin/sh;
			shellScript = "diff \"${PODS_PODFILE_DIR_PATH}/Podfile.lock\" \"${PODS_ROOT}/Manifest.lock\" > /dev/null\nif [ $? != 0 ] ; then\n    # print error to STDERR\n    echo \"error: The sandbox is not in sync with the Podfile.lock. Run 'pod install' or update your CocoaPods installation.\" >&2\n    exit 1\nfi\n# This output is used by Xcode 'outputs' to avoid re-running this script phase.\necho \"SUCCESS\" > \"${SCRIPT_OUTPUT_FILE_0}\"\n";
			showEnvVarsInLog = 0;
		};
/* End PBXShellScriptBuildPhase section */

/* Begin PBXSourcesBuildPhase section */
		4AC931BD2AB308E300AD8929 /* Sources */ = {
			isa = PBXSourcesBuildPhase;
			buildActionMask = 2147483647;
			files = (
				4A8AE7B42ABB67E60059443A /* MyPageVC.swift in Sources */,
				4A9088722ABC792C000C7878 /* NewBookInfoCollectionViewCell.swift in Sources */,
				4A8AE7B22AB9FAA40059443A /* SentenceModalVC.swift in Sources */,
				4A5DCC7C2AB7786100B00D2B /* ChatDataTableViewCell.swift in Sources */,
				4A8AE7B62ABB69090059443A /* MyInfoTableViewCell.swift in Sources */,
				4AC931C92AB308E300AD8929 /* ViewController.swift in Sources */,
				4A5DCC542AB60D4000B00D2B /* CustomCollectionViewCell.swift in Sources */,
				4AC931E72AB4BFFC00AD8929 /* ChatVC.swift in Sources */,
				4A5DCC582AB637D900B00D2B /* ChatData.swift in Sources */,
				4A5DCC4E2AB4D80300B00D2B /* FilterModalVC.swift in Sources */,
				4AC931DB2AB3FF3300AD8929 /* MainVC.swift in Sources */,
				4AC931DD2AB3FF7500AD8929 /* BookStoreModel.swift in Sources */,
				4AC931C52AB308E300AD8929 /* AppDelegate.swift in Sources */,
				4A5DCC522AB4DF1600B00D2B /* TopicFilter.swift in Sources */,
				4A5DCC562AB6359F00B00D2B /* HistoryVC.swift in Sources */,
				4AC931C72AB308E300AD8929 /* SceneDelegate.swift in Sources */,
				4A8AE7B02AB8B4730059443A /* ReceiveData.swift in Sources */,
				4AC931E42AB4785F00AD8929 /* BookStoreCollectionViewCell.swift in Sources */,
				4A8AE7AE2AB83D600059443A /* ProgressBarView.swift in Sources */,
			);
			runOnlyForDeploymentPostprocessing = 0;
		};
/* End PBXSourcesBuildPhase section */

/* Begin PBXVariantGroup section */
		4AC931CA2AB308E300AD8929 /* Main.storyboard */ = {
			isa = PBXVariantGroup;
			children = (
				4AC931CB2AB308E300AD8929 /* Base */,
			);
			name = Main.storyboard;
			sourceTree = "<group>";
		};
		4AC931CF2AB308E400AD8929 /* LaunchScreen.storyboard */ = {
			isa = PBXVariantGroup;
			children = (
				4AC931D02AB308E400AD8929 /* Base */,
			);
			name = LaunchScreen.storyboard;
			sourceTree = "<group>";
		};
/* End PBXVariantGroup section */

/* Begin XCBuildConfiguration section */
		4AC931D32AB308E400AD8929 /* Debug */ = {
			isa = XCBuildConfiguration;
			buildSettings = {
				ALWAYS_SEARCH_USER_PATHS = NO;
				CLANG_ANALYZER_NONNULL = YES;
				CLANG_ANALYZER_NUMBER_OBJECT_CONVERSION = YES_AGGRESSIVE;
				CLANG_CXX_LANGUAGE_STANDARD = "gnu++20";
				CLANG_ENABLE_MODULES = YES;
				CLANG_ENABLE_OBJC_ARC = YES;
				CLANG_ENABLE_OBJC_WEAK = YES;
				CLANG_WARN_BLOCK_CAPTURE_AUTORELEASING = YES;
				CLANG_WARN_BOOL_CONVERSION = YES;
				CLANG_WARN_COMMA = YES;
				CLANG_WARN_CONSTANT_CONVERSION = YES;
				CLANG_WARN_DEPRECATED_OBJC_IMPLEMENTATIONS = YES;
				CLANG_WARN_DIRECT_OBJC_ISA_USAGE = YES_ERROR;
				CLANG_WARN_DOCUMENTATION_COMMENTS = YES;
				CLANG_WARN_EMPTY_BODY = YES;
				CLANG_WARN_ENUM_CONVERSION = YES;
				CLANG_WARN_INFINITE_RECURSION = YES;
				CLANG_WARN_INT_CONVERSION = YES;
				CLANG_WARN_NON_LITERAL_NULL_CONVERSION = YES;
				CLANG_WARN_OBJC_IMPLICIT_RETAIN_SELF = YES;
				CLANG_WARN_OBJC_LITERAL_CONVERSION = YES;
				CLANG_WARN_OBJC_ROOT_CLASS = YES_ERROR;
				CLANG_WARN_QUOTED_INCLUDE_IN_FRAMEWORK_HEADER = YES;
				CLANG_WARN_RANGE_LOOP_ANALYSIS = YES;
				CLANG_WARN_STRICT_PROTOTYPES = YES;
				CLANG_WARN_SUSPICIOUS_MOVE = YES;
				CLANG_WARN_UNGUARDED_AVAILABILITY = YES_AGGRESSIVE;
				CLANG_WARN_UNREACHABLE_CODE = YES;
				CLANG_WARN__DUPLICATE_METHOD_MATCH = YES;
				COPY_PHASE_STRIP = NO;
				DEBUG_INFORMATION_FORMAT = dwarf;
				ENABLE_STRICT_OBJC_MSGSEND = YES;
				ENABLE_TESTABILITY = YES;
				GCC_C_LANGUAGE_STANDARD = gnu11;
				GCC_DYNAMIC_NO_PIC = NO;
				GCC_NO_COMMON_BLOCKS = YES;
				GCC_OPTIMIZATION_LEVEL = 0;
				GCC_PREPROCESSOR_DEFINITIONS = (
					"DEBUG=1",
					"$(inherited)",
				);
				GCC_WARN_64_TO_32_BIT_CONVERSION = YES;
				GCC_WARN_ABOUT_RETURN_TYPE = YES_ERROR;
				GCC_WARN_UNDECLARED_SELECTOR = YES;
				GCC_WARN_UNINITIALIZED_AUTOS = YES_AGGRESSIVE;
				GCC_WARN_UNUSED_FUNCTION = YES;
				GCC_WARN_UNUSED_VARIABLE = YES;
				IPHONEOS_DEPLOYMENT_TARGET = 16.2;
				MTL_ENABLE_DEBUG_INFO = INCLUDE_SOURCE;
				MTL_FAST_MATH = YES;
				ONLY_ACTIVE_ARCH = YES;
				SDKROOT = iphoneos;
				SWIFT_ACTIVE_COMPILATION_CONDITIONS = DEBUG;
				SWIFT_OPTIMIZATION_LEVEL = "-Onone";
			};
			name = Debug;
		};
		4AC931D42AB308E400AD8929 /* Release */ = {
			isa = XCBuildConfiguration;
			buildSettings = {
				ALWAYS_SEARCH_USER_PATHS = NO;
				CLANG_ANALYZER_NONNULL = YES;
				CLANG_ANALYZER_NUMBER_OBJECT_CONVERSION = YES_AGGRESSIVE;
				CLANG_CXX_LANGUAGE_STANDARD = "gnu++20";
				CLANG_ENABLE_MODULES = YES;
				CLANG_ENABLE_OBJC_ARC = YES;
				CLANG_ENABLE_OBJC_WEAK = YES;
				CLANG_WARN_BLOCK_CAPTURE_AUTORELEASING = YES;
				CLANG_WARN_BOOL_CONVERSION = YES;
				CLANG_WARN_COMMA = YES;
				CLANG_WARN_CONSTANT_CONVERSION = YES;
				CLANG_WARN_DEPRECATED_OBJC_IMPLEMENTATIONS = YES;
				CLANG_WARN_DIRECT_OBJC_ISA_USAGE = YES_ERROR;
				CLANG_WARN_DOCUMENTATION_COMMENTS = YES;
				CLANG_WARN_EMPTY_BODY = YES;
				CLANG_WARN_ENUM_CONVERSION = YES;
				CLANG_WARN_INFINITE_RECURSION = YES;
				CLANG_WARN_INT_CONVERSION = YES;
				CLANG_WARN_NON_LITERAL_NULL_CONVERSION = YES;
				CLANG_WARN_OBJC_IMPLICIT_RETAIN_SELF = YES;
				CLANG_WARN_OBJC_LITERAL_CONVERSION = YES;
				CLANG_WARN_OBJC_ROOT_CLASS = YES_ERROR;
				CLANG_WARN_QUOTED_INCLUDE_IN_FRAMEWORK_HEADER = YES;
				CLANG_WARN_RANGE_LOOP_ANALYSIS = YES;
				CLANG_WARN_STRICT_PROTOTYPES = YES;
				CLANG_WARN_SUSPICIOUS_MOVE = YES;
				CLANG_WARN_UNGUARDED_AVAILABILITY = YES_AGGRESSIVE;
				CLANG_WARN_UNREACHABLE_CODE = YES;
				CLANG_WARN__DUPLICATE_METHOD_MATCH = YES;
				COPY_PHASE_STRIP = NO;
				DEBUG_INFORMATION_FORMAT = "dwarf-with-dsym";
				ENABLE_NS_ASSERTIONS = NO;
				ENABLE_STRICT_OBJC_MSGSEND = YES;
				GCC_C_LANGUAGE_STANDARD = gnu11;
				GCC_NO_COMMON_BLOCKS = YES;
				GCC_WARN_64_TO_32_BIT_CONVERSION = YES;
				GCC_WARN_ABOUT_RETURN_TYPE = YES_ERROR;
				GCC_WARN_UNDECLARED_SELECTOR = YES;
				GCC_WARN_UNINITIALIZED_AUTOS = YES_AGGRESSIVE;
				GCC_WARN_UNUSED_FUNCTION = YES;
				GCC_WARN_UNUSED_VARIABLE = YES;
				IPHONEOS_DEPLOYMENT_TARGET = 16.2;
				MTL_ENABLE_DEBUG_INFO = NO;
				MTL_FAST_MATH = YES;
				SDKROOT = iphoneos;
				SWIFT_COMPILATION_MODE = wholemodule;
				SWIFT_OPTIMIZATION_LEVEL = "-O";
				VALIDATE_PRODUCT = YES;
			};
			name = Release;
		};
		4AC931D62AB308E400AD8929 /* Debug */ = {
			isa = XCBuildConfiguration;
			baseConfigurationReference = 978294E265E74193534C7065 /* Pods-cometext.debug.xcconfig */;
			buildSettings = {
				ASSETCATALOG_COMPILER_APPICON_NAME = AppIcon;
				ASSETCATALOG_COMPILER_GLOBAL_ACCENT_COLOR_NAME = AccentColor;
				CODE_SIGN_STYLE = Automatic;
				CURRENT_PROJECT_VERSION = 1;
				GENERATE_INFOPLIST_FILE = YES;
				INFOPLIST_FILE = cometext/Info.plist;
				INFOPLIST_KEY_UIApplicationSupportsIndirectInputEvents = YES;
				INFOPLIST_KEY_UILaunchStoryboardName = LaunchScreen;
				INFOPLIST_KEY_UIMainStoryboardFile = Main;
				INFOPLIST_KEY_UISupportedInterfaceOrientations_iPad = "UIInterfaceOrientationPortrait UIInterfaceOrientationPortraitUpsideDown UIInterfaceOrientationLandscapeLeft UIInterfaceOrientationLandscapeRight";
				INFOPLIST_KEY_UISupportedInterfaceOrientations_iPhone = "UIInterfaceOrientationPortrait UIInterfaceOrientationLandscapeLeft UIInterfaceOrientationLandscapeRight";
				LD_RUNPATH_SEARCH_PATHS = (
					"$(inherited)",
					"@executable_path/Frameworks",
				);
				MARKETING_VERSION = 1.0;
				PRODUCT_BUNDLE_IDENTIFIER = com.heejin.cometext;
				PRODUCT_NAME = "$(TARGET_NAME)";
				SWIFT_EMIT_LOC_STRINGS = YES;
				SWIFT_VERSION = 5.0;
				TARGETED_DEVICE_FAMILY = "1,2";
			};
			name = Debug;
		};
		4AC931D72AB308E400AD8929 /* Release */ = {
			isa = XCBuildConfiguration;
			baseConfigurationReference = 1D29C3729C3BCD29C37A1E7A /* Pods-cometext.release.xcconfig */;
			buildSettings = {
				ASSETCATALOG_COMPILER_APPICON_NAME = AppIcon;
				ASSETCATALOG_COMPILER_GLOBAL_ACCENT_COLOR_NAME = AccentColor;
				CODE_SIGN_STYLE = Automatic;
				CURRENT_PROJECT_VERSION = 1;
				GENERATE_INFOPLIST_FILE = YES;
				INFOPLIST_FILE = cometext/Info.plist;
				INFOPLIST_KEY_UIApplicationSupportsIndirectInputEvents = YES;
				INFOPLIST_KEY_UILaunchStoryboardName = LaunchScreen;
				INFOPLIST_KEY_UIMainStoryboardFile = Main;
				INFOPLIST_KEY_UISupportedInterfaceOrientations_iPad = "UIInterfaceOrientationPortrait UIInterfaceOrientationPortraitUpsideDown UIInterfaceOrientationLandscapeLeft UIInterfaceOrientationLandscapeRight";
				INFOPLIST_KEY_UISupportedInterfaceOrientations_iPhone = "UIInterfaceOrientationPortrait UIInterfaceOrientationLandscapeLeft UIInterfaceOrientationLandscapeRight";
				LD_RUNPATH_SEARCH_PATHS = (
					"$(inherited)",
					"@executable_path/Frameworks",
				);
				MARKETING_VERSION = 1.0;
				PRODUCT_BUNDLE_IDENTIFIER = com.heejin.cometext;
				PRODUCT_NAME = "$(TARGET_NAME)";
				SWIFT_EMIT_LOC_STRINGS = YES;
				SWIFT_VERSION = 5.0;
				TARGETED_DEVICE_FAMILY = "1,2";
			};
			name = Release;
		};
/* End XCBuildConfiguration section */

/* Begin XCConfigurationList section */
		4AC931BC2AB308E300AD8929 /* Build configuration list for PBXProject "cometext" */ = {
			isa = XCConfigurationList;
			buildConfigurations = (
				4AC931D32AB308E400AD8929 /* Debug */,
				4AC931D42AB308E400AD8929 /* Release */,
			);
			defaultConfigurationIsVisible = 0;
			defaultConfigurationName = Release;
		};
		4AC931D52AB308E400AD8929 /* Build configuration list for PBXNativeTarget "cometext" */ = {
			isa = XCConfigurationList;
			buildConfigurations = (
				4AC931D62AB308E400AD8929 /* Debug */,
				4AC931D72AB308E400AD8929 /* Release */,
			);
			defaultConfigurationIsVisible = 0;
			defaultConfigurationName = Release;
		};
/* End XCConfigurationList section */
	};
	rootObject = 4AC931B92AB308E300AD8929 /* Project object */;
}
